
Microsoft Visual Studio Solution File, Format Version 12.00
# Visual Studio Version 16
VisualStudioVersion = 16.0.30225.117
MinimumVisualStudioVersion = 10.0.40219.1
Project("{2150E333-8FDC-42A3-9474-1A3956D46DE8}") = "1_Data", "1_Data", "{4CA3F1FD-00EE-4379-A36C-3EC1CC854499}"
EndProject
Project("{9A19103F-16F7-4668-BE54-9A1E7A4F7556}") = "Station.EFCore", "1_Data\Station.EFCore\Station.EFCore.csproj", "{2A452ABD-81CD-43C3-9FEC-31C281F8A863}"
EndProject
Project("{2150E333-8FDC-42A3-9474-1A3956D46DE8}") = "2_Entities", "2_Entities", "{246EAF68-ABFF-401E-B836-9BCD1B3AFC05}"
EndProject
Project("{9A19103F-16F7-4668-BE54-9A1E7A4F7556}") = "Station.Entity", "2_Entities\Station.Entity\Station.Entity.csproj", "{B4DAE664-774E-4569-8A50-B93793C8BA50}"
EndProject
Project("{2150E333-8FDC-42A3-9474-1A3956D46DE8}") = "3_Services", "3_Services", "{CD826C47-1CC4-43E5-9E18-5EAF5E11D93D}"
EndProject
Project("{9A19103F-16F7-4668-BE54-9A1E7A4F7556}") = "Station.Repository", "3_Services\Station.Repository\Station.Repository.csproj", "{79EA09A7-9AC7-4F38-BD0D-80FC58834B0E}"
EndProject
Project("{9A19103F-16F7-4668-BE54-9A1E7A4F7556}") = "Station.WebApi", "Station.WebApi\Station.WebApi.csproj", "{E683CB51-38D9-4D9F-AC67-F0A94577198C}"
EndProject
Project("{2150E333-8FDC-42A3-9474-1A3956D46DE8}") = "5_Component", "5_Component", "{21631345-D158-4ABD-A3CD-309EC9119BDF}"
EndProject
Project("{2150E333-8FDC-42A3-9474-1A3956D46DE8}") = "6_Helpers", "6_Helpers", "{4A47B767-1C82-4A93-85ED-D761C2E49AB0}"
EndProject
Project("{2150E333-8FDC-42A3-9474-1A3956D46DE8}") = "4_Models", "4_Models", "{F1A11485-16A3-4FD8-85EE-A3FA5D2D6E50}"
EndProject
Project("{9A19103F-16F7-4668-BE54-9A1E7A4F7556}") = "Station.Helper", "6_Helpers\Station.Helper\Station.Helper.csproj", "{80E979C2-5978-45C5-B9CC-21D3DD0C0059}"
EndProject
Project("{9A19103F-16F7-4668-BE54-9A1E7A4F7556}") = "Station.SortApply.Helper", "6_Helpers\Station.SortApply.Helper\Station.SortApply.Helper.csproj", "{551F5C26-2EE0-443B-A9BB-024B36B93741}"
EndProject
Project("{9A19103F-16F7-4668-BE54-9A1E7A4F7556}") = "Station.Core", "5_Component\Station.Core\Station.Core.csproj", "{E52F8099-273C-4B98-B31D-0A32C45595AD}"
EndProject
Project("{9A19103F-16F7-4668-BE54-9A1E7A4F7556}") = "Station.WcfAdapter", "5_Component\Station.WcfAdapter\Station.WcfAdapter.csproj", "{2C64E650-B120-46D0-986C-98EB310CB3DC}"
EndProject
Project("{FAE04EC0-301F-11D3-BF4B-00C04F79EFBC}") = "Station.Model", "4_Models\Station.Model\Station.Model.csproj", "{C5826213-2BB3-4BB9-9731-799D01E4A662}"
EndProject
Project("{2150E333-8FDC-42A3-9474-1A3956D46DE8}") = "7_Common", "7_Common", "{6B7B4B5C-3987-4FF2-BDAE-530603A40306}"
EndProject
Project("{9A19103F-16F7-4668-BE54-9A1E7A4F7556}") = "Station.Common", "7_Common\Station.Common\Station.Common.csproj", "{2421448D-EC2A-405B-BDFF-0E47E60D9DB4}"
EndProject
Global
	GlobalSection(SolutionConfigurationPlatforms) = preSolution
		Debug|Any CPU = Debug|Any CPU
		Release|Any CPU = Release|Any CPU
	EndGlobalSection
	GlobalSection(ProjectConfigurationPlatforms) = postSolution
		{2A452ABD-81CD-43C3-9FEC-31C281F8A863}.Debug|Any CPU.ActiveCfg = Debug|Any CPU
		{2A452ABD-81CD-43C3-9FEC-31C281F8A863}.Debug|Any CPU.Build.0 = Debug|Any CPU
		{2A452ABD-81CD-43C3-9FEC-31C281F8A863}.Release|Any CPU.ActiveCfg = Release|Any CPU
		{2A452ABD-81CD-43C3-9FEC-31C281F8A863}.Release|Any CPU.Build.0 = Release|Any CPU
		{B4DAE664-774E-4569-8A50-B93793C8BA50}.Debug|Any CPU.ActiveCfg = Debug|Any CPU
		{B4DAE664-774E-4569-8A50-B93793C8BA50}.Debug|Any CPU.Build.0 = Debug|Any CPU
		{B4DAE664-774E-4569-8A50-B93793C8BA50}.Release|Any CPU.ActiveCfg = Release|Any CPU
		{B4DAE664-774E-4569-8A50-B93793C8BA50}.Release|Any CPU.Build.0 = Release|Any CPU
		{79EA09A7-9AC7-4F38-BD0D-80FC58834B0E}.Debug|Any CPU.ActiveCfg = Debug|Any CPU
		{79EA09A7-9AC7-4F38-BD0D-80FC58834B0E}.Debug|Any CPU.Build.0 = Debug|Any CPU
		{79EA09A7-9AC7-4F38-BD0D-80FC58834B0E}.Release|Any CPU.ActiveCfg = Release|Any CPU
		{79EA09A7-9AC7-4F38-BD0D-80FC58834B0E}.Release|Any CPU.Build.0 = Release|Any CPU
		{E683CB51-38D9-4D9F-AC67-F0A94577198C}.Debug|Any CPU.ActiveCfg = Debug|Any CPU
		{E683CB51-38D9-4D9F-AC67-F0A94577198C}.Debug|Any CPU.Build.0 = Debug|Any CPU
		{E683CB51-38D9-4D9F-AC67-F0A94577198C}.Release|Any CPU.ActiveCfg = Release|Any CPU
		{E683CB51-38D9-4D9F-AC67-F0A94577198C}.Release|Any CPU.Build.0 = Release|Any CPU
		{80E979C2-5978-45C5-B9CC-21D3DD0C0059}.Debug|Any CPU.ActiveCfg = Debug|Any CPU
		{80E979C2-5978-45C5-B9CC-21D3DD0C0059}.Debug|Any CPU.Build.0 = Debug|Any CPU
		{80E979C2-5978-45C5-B9CC-21D3DD0C0059}.Release|Any CPU.ActiveCfg = Release|Any CPU
		{80E979C2-5978-45C5-B9CC-21D3DD0C0059}.Release|Any CPU.Build.0 = Release|Any CPU
		{551F5C26-2EE0-443B-A9BB-024B36B93741}.Debug|Any CPU.ActiveCfg = Debug|Any CPU
		{551F5C26-2EE0-443B-A9BB-024B36B93741}.Debug|Any CPU.Build.0 = Debug|Any CPU
		{551F5C26-2EE0-443B-A9BB-024B36B93741}.Release|Any CPU.ActiveCfg = Release|Any CPU
		{551F5C26-2EE0-443B-A9BB-024B36B93741}.Release|Any CPU.Build.0 = Release|Any CPU
		{E52F8099-273C-4B98-B31D-0A32C45595AD}.Debug|Any CPU.ActiveCfg = Debug|Any CPU
		{E52F8099-273C-4B98-B31D-0A32C45595AD}.Debug|Any CPU.Build.0 = Debug|Any CPU
		{E52F8099-273C-4B98-B31D-0A32C45595AD}.Release|Any CPU.ActiveCfg = Release|Any CPU
		{E52F8099-273C-4B98-B31D-0A32C45595AD}.Release|Any CPU.Build.0 = Release|Any CPU
		{2C64E650-B120-46D0-986C-98EB310CB3DC}.Debug|Any CPU.ActiveCfg = Debug|Any CPU
		{2C64E650-B120-46D0-986C-98EB310CB3DC}.Debug|Any CPU.Build.0 = Debug|Any CPU
		{2C64E650-B120-46D0-986C-98EB310CB3DC}.Release|Any CPU.ActiveCfg = Release|Any CPU
		{2C64E650-B120-46D0-986C-98EB310CB3DC}.Release|Any CPU.Build.0 = Release|Any CPU
		{C5826213-2BB3-4BB9-9731-799D01E4A662}.Debug|Any CPU.ActiveCfg = Debug|Any CPU
		{C5826213-2BB3-4BB9-9731-799D01E4A662}.Debug|Any CPU.Build.0 = Debug|Any CPU
		{C5826213-2BB3-4BB9-9731-799D01E4A662}.Release|Any CPU.ActiveCfg = Release|Any CPU
		{C5826213-2BB3-4BB9-9731-799D01E4A662}.Release|Any CPU.Build.0 = Release|Any CPU
		{2421448D-EC2A-405B-BDFF-0E47E60D9DB4}.Debug|Any CPU.ActiveCfg = Debug|Any CPU
		{2421448D-EC2A-405B-BDFF-0E47E60D9DB4}.Debug|Any CPU.Build.0 = Debug|Any CPU
		{2421448D-EC2A-405B-BDFF-0E47E60D9DB4}.Release|Any CPU.ActiveCfg = Release|Any CPU
		{2421448D-EC2A-405B-BDFF-0E47E60D9DB4}.Release|Any CPU.Build.0 = Release|Any CPU
	EndGlobalSection
	GlobalSection(SolutionProperties) = preSolution
		HideSolutionNode = FALSE
	EndGlobalSection
	GlobalSection(NestedProjects) = preSolution
		{2A452ABD-81CD-43C3-9FEC-31C281F8A863} = {4CA3F1FD-00EE-4379-A36C-3EC1CC854499}
		{B4DAE664-774E-4569-8A50-B93793C8BA50} = {246EAF68-ABFF-401E-B836-9BCD1B3AFC05}
		{79EA09A7-9AC7-4F38-BD0D-80FC58834B0E} = {CD826C47-1CC4-43E5-9E18-5EAF5E11D93D}
		{80E979C2-5978-45C5-B9CC-21D3DD0C0059} = {4A47B767-1C82-4A93-85ED-D761C2E49AB0}
		{551F5C26-2EE0-443B-A9BB-024B36B93741} = {4A47B767-1C82-4A93-85ED-D761C2E49AB0}
		{E52F8099-273C-4B98-B31D-0A32C45595AD} = {21631345-D158-4ABD-A3CD-309EC9119BDF}
		{2C64E650-B120-46D0-986C-98EB310CB3DC} = {21631345-D158-4ABD-A3CD-309EC9119BDF}
		{C5826213-2BB3-4BB9-9731-799D01E4A662} = {F1A11485-16A3-4FD8-85EE-A3FA5D2D6E50}
		{2421448D-EC2A-405B-BDFF-0E47E60D9DB4} = {6B7B4B5C-3987-4FF2-BDAE-530603A40306}
	EndGlobalSection
	GlobalSection(ExtensibilityGlobals) = postSolution
		SolutionGuid = {17E86538-0E8C-4F97-811D-CF457CF11D6C}
	EndGlobalSection
EndGlobal
